dependencies:
- name: minio
  repository: https://charts.min.io/
  version: 4.0.12
- name: grafana-agent-operator
  repository: https://grafana.github.io/helm-charts
  version: 0.5.0
- name: rollout-operator
  repository: https://grafana.github.io/helm-charts
  version: 0.30.0
digest: sha256:07fffb46b6227c0fcb61737b8e1ec355f4fa01c7a12804c1699ba88607866d45
generated: "2025-06-27T12:40:51.413636+03:00"
