dependencies:
- name: minio
  repository: https://charts.min.io/
  version: 4.0.12
- name: grafana-agent-operator
  repository: https://grafana.github.io/helm-charts
  version: 0.5.0
- name: rollout-operator
  repository: https://grafana.github.io/helm-charts
  version: 0.35.1
digest: sha256:b50570cabaac40ac5654217b8d9a27965725bd6f031d90cd89cf9b2bce61684f
generated: "2025-10-25T17:20:24.991616+03:00"
