dependencies:
- name: memcached
  repository: https://raw.githubusercontent.com/bitnami/charts/pre-2022/bitnami
  version: 5.9.0
- name: mysql
  repository: https://raw.githubusercontent.com/bitnami/charts/pre-2022/bitnami
  version: 6.14.10
- name: postgresql
  repository: https://raw.githubusercontent.com/bitnami/charts/pre-2022/bitnami
  version: 10.3.17
- name: mariadb
  repository: https://raw.githubusercontent.com/bitnami/charts/pre-2022/bitnami
  version: 9.3.6
digest: sha256:08f967276fa0c083e9756a974a9791a487a71be0a226dc14351b3e5a2641e8fd
generated: "2022-06-11T12:18:36.672047+02:00"
