dependencies:
- name: postgresql
  repository: oci://registry-1.docker.io/bitnamicharts
  version: 16.7.27
- name: postgresql-ha
  repository: oci://registry-1.docker.io/bitnamicharts
  version: 16.3.2
- name: valkey-cluster
  repository: oci://registry-1.docker.io/bitnamicharts
  version: 3.0.24
- name: valkey
  repository: oci://registry-1.docker.io/bitnamicharts
  version: 3.0.31
digest: sha256:ceb6a1890cfdc2627abb85d3e2a4baa64d30afd21dcfabce978a824a67f0a2bb
generated: "2025-08-30T00:03:04.59764502Z"
