dependencies:
- name: cert-manager
  repository: https://kubernetes-charts.storage.googleapis.com/
  version: v0.4.0
- name: prometheus
  repository: https://kubernetes-charts.storage.googleapis.com/
  version: 5.5.3
- name: postgresql
  repository: https://kubernetes-charts.storage.googleapis.com/
  version: 0.12.0
- name: gitlab-runner
  repository: https://charts.gitlab.io/
  version: 0.7.0
digest: sha256:9dcba2bd790fbf94399d52cb3a685206f98e24a5ef2c96ba6b6239fae8519c01
generated: "2020-02-06T20:50:52.9565825Z"
