dependencies:
- name: crds
  repository: ""
  version: 0.0.0
- name: kube-state-metrics
  repository: https://prometheus-community.github.io/helm-charts
  version: 7.0.1
- name: prometheus-node-exporter
  repository: https://prometheus-community.github.io/helm-charts
  version: 4.51.0
- name: grafana
  repository: https://grafana.github.io/helm-charts
  version: 10.5.8
- name: prometheus-windows-exporter
  repository: https://prometheus-community.github.io/helm-charts
  version: 0.12.2
digest: sha256:b07dca839ae15c7877ed7453967ad55770f96e86f40bd36f6e0fc2bdb3f9d46d
generated: "2026-01-15T14:36:28.615276046Z"
