dependencies:
- name: kube-state-metrics
  repository: https://prometheus-community.github.io/helm-charts
  version: 5.7.0
- name: prometheus-node-exporter
  repository: https://prometheus-community.github.io/helm-charts
  version: 4.17.5
- name: grafana
  repository: https://grafana.github.io/helm-charts
  version: 6.57.1
digest: sha256:36f070a885c7ea74d5f50644a5c0c660d6a1c2e65914ce0dcd1f55e4ffab4e01
generated: "2023-06-08T07:36:37.504572174Z"
