dependencies:
- name: minio
  repository: https://charts.min.io/
  version: 5.4.0
- name: rollout-operator
  repository: https://grafana.github.io/helm-charts
  version: 0.50.1
digest: sha256:43cb7005a687a7eb7d7876f38a9ae771d6da29dcdb1c573986e71135dfdcdcfd
generated: "2026-07-17T18:13:45.639631483Z"
