dependencies:
- name: kube-state-metrics
  repository: https://charts.helm.sh/stable/
  version: 2.8.14
- name: prometheus-node-exporter
  repository: https://charts.helm.sh/stable/
  version: 1.10.0
- name: grafana
  repository: https://charts.helm.sh/stable/
  version: 5.3.6
digest: sha256:a25d418d7ae32c49c68f6d159e4f42521f38595ccc4dfb02ee91330200b11e9c
generated: "2021-02-03T18:56:15.451795+02:00"
