dependencies:
- name: kube-state-metrics
  repository: https://kubernetes-charts.storage.googleapis.com/
  version: 2.6.4
- name: prometheus-node-exporter
  repository: https://kubernetes-charts.storage.googleapis.com/
  version: 1.8.1
- name: grafana
  repository: https://kubernetes-charts.storage.googleapis.com/
  version: 4.3.2
digest: sha256:9914e6c1cf4a3452e4decbdb7209094d7afa32ba3b242f275ededdb953fc315b
generated: "2020-02-06T20:50:38.0320031Z"
