dependencies:
- name: argo-cd
  repository: https://argoproj.github.io/argo-helm
  version: 6.7.3
- name: cert-manager
  repository: https://charts.jetstack.io
  version: v1.11.4
- name: cloudnative-pg
  repository: https://cloudnative-pg.github.io/charts
  version: 0.18.0
- name: external-dns
  repository: https://charts.bitnami.com/bitnami
  version: 6.20.4
- name: external-secrets
  repository: https://charts.external-secrets.io
  version: 0.6.1
- name: gitea
  repository: https://dl.gitea.io/charts
  version: 5.0.0
- name: harbor
  repository: https://helm.goharbor.io
  version: 1.10.4
- name: ingress-nginx
  repository: https://kubernetes.github.io/ingress-nginx
  version: 4.6.1
- name: kube-prometheus-stack
  repository: https://prometheus-community.github.io/helm-charts
  version: 46.4.1
- name: metrics-server
  repository: https://charts.bitnami.com/bitnami
  version: 6.8.0
- name: oauth2-proxy
  repository: https://charts.bitnami.com/bitnami
  version: 3.7.4
- name: prometheus-blackbox-exporter
  repository: https://prometheus-community.github.io/helm-charts
  version: 7.10.0
- name: promtail
  repository: https://grafana.github.io/helm-charts
  version: 6.11.2
- name: sealed-secrets
  repository: https://bitnami-labs.github.io/sealed-secrets/
  version: 2.14.1
- name: tekton-pipeline
  repository: https://cdfoundation.github.io/tekton-helm-chart/
  version: 1.0.2
- name: velero
  repository: https://vmware-tanzu.github.io/helm-charts/
  version: 5.4.1
digest: sha256:9c7e5d75c1f8d3befa942e74b4b0896e36db7f040e100ff642a24c7199cdbdca
generated: "2024-10-14T11:21:37.891213+02:00"
